// !$*UTF8*$!
{
	archiveVersion = 1;
	classes = {
	};
	objectVersion = 50;
	objects = {

/* Begin PBXBuildFile section */
		552B2FEB24A793DE0091413B /* ConditionalContent.swift in Sources */ = {isa = PBXBuildFile; fileRef = 552B2FEA24A793DE0091413B /* ConditionalContent.swift */; };
		55AE26D324A6AC1C00CBECBC /* ViewBuilder.swift in Sources */ = {isa = PBXBuildFile; fileRef = 55AE26D224A6AC1C00CBECBC /* ViewBuilder.swift */; };
		55D1CA7024A5722300B7D8CF /* SwiftUI_DSLApp.swift in Sources */ = {isa = PBXBuildFile; fileRef = 55D1CA6F24A5722300B7D8CF /* SwiftUI_DSLApp.swift */; };
		55D1CA7224A5722300B7D8CF /* TupleView.swift in Sources */ = {isa = PBXBuildFile; fileRef = 55D1CA7124A5722300B7D8CF /* TupleView.swift */; };
		55D1CA7424A5722500B7D8CF /* Assets.xcassets in Resources */ = {isa = PBXBuildFile; fileRef = 55D1CA7324A5722500B7D8CF /* Assets.xcassets */; };
/* End PBXBuildFile section */

/* Begin PBXFileReference section */
		552B2FEA24A793DE0091413B /* ConditionalContent.swift */ = {isa = PBXFileReference; lastKnownFileType = sourcecode.swift; path = ConditionalContent.swift; sourceTree = "<group>"; };
		559CF6A824A62DFF000F8AEF /* README.md */ = {isa = PBXFileReference; lastKnownFileType = net.daringfireball.markdown; path = README.md; sourceTree = "<group>"; };
		55AE26D224A6AC1C00CBECBC /* ViewBuilder.swift */ = {isa = PBXFileReference; lastKnownFileType = sourcecode.swift; path = ViewBuilder.swift; sourceTree = "<group>"; };
		55D1CA6C24A5722300B7D8CF /* SwiftUI_DSL_explained.app */ = {isa = PBXFileReference; explicitFileType = wrapper.application; includeInIndex = 0; path = SwiftUI_DSL_explained.app; sourceTree = BUILT_PRODUCTS_DIR; };
		55D1CA6F24A5722300B7D8CF /* SwiftUI_DSLApp.swift */ = {isa = PBXFileReference; lastKnownFileType = sourcecode.swift; path = SwiftUI_DSLApp.swift; sourceTree = "<group>"; };
		55D1CA7124A5722300B7D8CF /* TupleView.swift */ = {isa = PBXFileReference; lastKnownFileType = sourcecode.swift; path = TupleView.swift; sourceTree = "<group>"; };
		55D1CA7324A5722500B7D8CF /* Assets.xcassets */ = {isa = PBXFileReference; lastKnownFileType = folder.assetcatalog; path = Assets.xcassets; sourceTree = "<group>"; };
		55D1CA7824A5722500B7D8CF /* Info.plist */ = {isa = PBXFileReference; lastKnownFileType = text.plist.xml; path = Info.plist; sourceTree = "<group>"; };
/* End PBXFileReference section */

/* Begin PBXFrameworksBuildPhase section */
		55D1CA6924A5722300B7D8CF /* Frameworks */ = {
			isa = PBXFrameworksBuildPhase;
			buildActionMask = 2147483647;
			files = (
			);
			runOnlyForDeploymentPostprocessing = 0;
		};
/* End PBXFrameworksBuildPhase section */

/* Begin PBXGroup section */
		55D1CA6324A5722300B7D8CF = {
			isa = PBXGroup;
			children = (
				559CF6A824A62DFF000F8AEF /* README.md */,
				55D1CA6E24A5722300B7D8CF /* SwiftUI_DSL_explained */,
				55D1CA6D24A5722300B7D8CF /* Products */,
			);
			sourceTree = "<group>";
		};
		55D1CA6D24A5722300B7D8CF /* Products */ = {
			isa = PBXGroup;
			children = (
				55D1CA6C24A5722300B7D8CF /* SwiftUI_DSL_explained.app */,
			);
			name = Products;
			sourceTree = "<group>";
		};
		55D1CA6E24A5722300B7D8CF /* SwiftUI_DSL_explained */ = {
			isa = PBXGroup;
			children = (
				55D1CA6F24A5722300B7D8CF /* SwiftUI_DSLApp.swift */,
				55D1CA7124A5722300B7D8CF /* TupleView.swift */,
				552B2FEA24A793DE0091413B /* ConditionalContent.swift */,
				55AE26D224A6AC1C00CBECBC /* ViewBuilder.swift */,
				55D1CA7324A5722500B7D8CF /* Assets.xcassets */,
				55D1CA7824A5722500B7D8CF /* Info.plist */,
			);
			path = SwiftUI_DSL_explained;
			sourceTree = "<group>";
		};
/* End PBXGroup section */

/* Begin PBXNativeTarget section */
		55D1CA6B24A5722300B7D8CF /* SwiftUI_DSL_explained */ = {
			isa = PBXNativeTarget;
			buildConfigurationList = 55D1CA9124A5722500B7D8CF /* Build configuration list for PBXNativeTarget "SwiftUI_DSL_explained" */;
			buildPhases = (
				55D1CA6824A5722300B7D8CF /* Sources */,
				55D1CA6924A5722300B7D8CF /* Frameworks */,
				55D1CA6A24A5722300B7D8CF /* Resources */,
			);
			buildRules = (
			);
			dependencies = (
			);
			name = SwiftUI_DSL_explained;
			productName = SwiftUI_DSL;
			productReference = 55D1CA6C24A5722300B7D8CF /* SwiftUI_DSL_explained.app */;
			productType = "com.apple.product-type.application";
		};
/* End PBXNativeTarget section */

/* Begin PBXProject section */
		55D1CA6424A5722300B7D8CF /* Project object */ = {
			isa = PBXProject;
			attributes = {
				LastSwiftUpdateCheck = 1200;
				LastUpgradeCheck = 1200;
				TargetAttributes = {
					55D1CA6B24A5722300B7D8CF = {
						CreatedOnToolsVersion = 12.0;
					};
				};
			};
			buildConfigurationList = 55D1CA6724A5722300B7D8CF /* Build configuration list for PBXProject "SwiftUI_DSL_explained" */;
			compatibilityVersion = "Xcode 9.3";
			developmentRegion = en;
			hasScannedForEncodings = 0;
			knownRegions = (
				en,
				Base,
			);
			mainGroup = 55D1CA6324A5722300B7D8CF;
			productRefGroup = 55D1CA6D24A5722300B7D8CF /* Products */;
			projectDirPath = "";
			projectRoot = "";
			targets = (
				55D1CA6B24A5722300B7D8CF /* SwiftUI_DSL_explained */,
			);
		};
/* End PBXProject section */

/* Begin PBXResourcesBuildPhase section */
		55D1CA6A24A5722300B7D8CF /* Resources */ = {
			isa = PBXResourcesBuildPhase;
			buildActionMask = 2147483647;
			files = (
				55D1CA7424A5722500B7D8CF /* Assets.xcassets in Resources */,
			);
			runOnlyForDeploymentPostprocessing = 0;
		};
/* End PBXResourcesBuildPhase section */

/* Begin PBXSourcesBuildPhase section */
		55D1CA6824A5722300B7D8CF /* Sources */ = {
			isa = PBXSourcesBuildPhase;
			buildActionMask = 2147483647;
			files = (
				55D1CA7224A5722300B7D8CF /* TupleView.swift in Sources */,
				55AE26D324A6AC1C00CBECBC /* ViewBuilder.swift in Sources */,
				552B2FEB24A793DE0091413B /* ConditionalContent.swift in Sources */,
				55D1CA7024A5722300B7D8CF /* SwiftUI_DSLApp.swift in Sources */,
			);
			runOnlyForDeploymentPostprocessing = 0;
		};
/* End PBXSourcesBuildPhase section */

/* Begin XCBuildConfiguration section */
		55D1CA8F24A5722500B7D8CF /* Debug */ = {
			isa = XCBuildConfiguration;
			buildSettings = {
				ALWAYS_SEARCH_USER_PATHS = NO;
				CLANG_ANALYZER_NONNULL = YES;
				CLANG_ANALYZER_NUMBER_OBJECT_CONVERSION = YES_AGGRESSIVE;
				CLANG_CXX_LANGUAGE_STANDARD = "gnu++14";
				CLANG_CXX_LIBRARY = "libc++";
				CLANG_ENABLE_MODULES = YES;
				CLANG_ENABLE_OBJC_ARC = YES;
				CLANG_ENABLE_OBJC_WEAK = YES;
				CLANG_WARN_BLOCK_CAPTURE_AUTORELEASING = YES;
				CLANG_WARN_BOOL_CONVERSION = YES;
				CLANG_WARN_COMMA = YES;
				CLANG_WARN_CONSTANT_CONVERSION = YES;
				CLANG_WARN_DEPRECATED_OBJC_IMPLEMENTATIONS = YES;
				CLANG_WARN_DIRECT_OBJC_ISA_USAGE = YES_ERROR;
				CLANG_WARN_DOCUMENTATION_COMMENTS = YES;
				CLANG_WARN_EMPTY_BODY = YES;
				CLANG_WARN_ENUM_CONVERSION = YES;
				CLANG_WARN_INFINITE_RECURSION = YES;
				CLANG_WARN_INT_CONVERSION = YES;
				CLANG_WARN_NON_LITERAL_NULL_CONVERSION = YES;
				CLANG_WARN_OBJC_IMPLICIT_RETAIN_SELF = YES;
				CLANG_WARN_OBJC_LITERAL_CONVERSION = YES;
				CLANG_WARN_OBJC_ROOT_CLASS = YES_ERROR;
				CLANG_WARN_QUOTED_INCLUDE_IN_FRAMEWORK_HEADER = YES;
				CLANG_WARN_RANGE_LOOP_ANALYSIS = YES;
				CLANG_WARN_STRICT_PROTOTYPES = YES;
				CLANG_WARN_SUSPICIOUS_MOVE = YES;
				CLANG_WARN_UNGUARDED_AVAILABILITY = YES_AGGRESSIVE;
				CLANG_WARN_UNREACHABLE_CODE = YES;
				CLANG_WARN__DUPLICATE_METHOD_MATCH = YES;
				COPY_PHASE_STRIP = NO;
				DEBUG_INFORMATION_FORMAT = dwarf;
				ENABLE_STRICT_OBJC_MSGSEND = YES;
				ENABLE_TESTABILITY = YES;
				GCC_C_LANGUAGE_STANDARD = gnu11;
				GCC_DYNAMIC_NO_PIC = NO;
				GCC_NO_COMMON_BLOCKS = YES;
				GCC_OPTIMIZATION_LEVEL = 0;
				GCC_PREPROCESSOR_DEFINITIONS = (
					"DEBUG=1",
					"$(inherited)",
				);
				GCC_WARN_64_TO_32_BIT_CONVERSION = YES;
				GCC_WARN_ABOUT_RETURN_TYPE = YES_ERROR;
				GCC_WARN_UNDECLARED_SELECTOR = YES;
				GCC_WARN_UNINITIALIZED_AUTOS = YES_AGGRESSIVE;
				GCC_WARN_UNUSED_FUNCTION = YES;
				GCC_WARN_UNUSED_VARIABLE = YES;
				IPHONEOS_DEPLOYMENT_TARGET = 14.0;
				MTL_ENABLE_DEBUG_INFO = INCLUDE_SOURCE;
				MTL_FAST_MATH = YES;
				ONLY_ACTIVE_ARCH = YES;
				SDKROOT = iphoneos;
				SWIFT_ACTIVE_COMPILATION_CONDITIONS = DEBUG;
				SWIFT_OPTIMIZATION_LEVEL = "-Onone";
			};
			name = Debug;
		};
		55D1CA9024A5722500B7D8CF /* Release */ = {
			isa = XCBuildConfiguration;
			buildSettings = {
				ALWAYS_SEARCH_USER_PATHS = NO;
				CLANG_ANALYZER_NONNULL = YES;
				CLANG_ANALYZER_NUMBER_OBJECT_CONVERSION = YES_AGGRESSIVE;
				CLANG_CXX_LANGUAGE_STANDARD = "gnu++14";
				CLANG_CXX_LIBRARY = "libc++";
				CLANG_ENABLE_MODULES = YES;
				CLANG_ENABLE_OBJC_ARC = YES;
				CLANG_ENABLE_OBJC_WEAK = YES;
				CLANG_WARN_BLOCK_CAPTURE_AUTORELEASING = YES;
				CLANG_WARN_BOOL_CONVERSION = YES;
				CLANG_WARN_COMMA = YES;
				CLANG_WARN_CONSTANT_CONVERSION = YES;
				CLANG_WARN_DEPRECATED_OBJC_IMPLEMENTATIONS = YES;
				CLANG_WARN_DIRECT_OBJC_ISA_USAGE = YES_ERROR;
				CLANG_WARN_DOCUMENTATION_COMMENTS = YES;
				CLANG_WARN_EMPTY_BODY = YES;
				CLANG_WARN_ENUM_CONVERSION = YES;
				CLANG_WARN_INFINITE_RECURSION = YES;
				CLANG_WARN_INT_CONVERSION = YES;
				CLANG_WARN_NON_LITERAL_NULL_CONVERSION = YES;
				CLANG_WARN_OBJC_IMPLICIT_RETAIN_SELF = YES;
				CLANG_WARN_OBJC_LITERAL_CONVERSION = YES;
				CLANG_WARN_OBJC_ROOT_CLASS = YES_ERROR;
				CLANG_WARN_QUOTED_INCLUDE_IN_FRAMEWORK_HEADER = YES;
				CLANG_WARN_RANGE_LOOP_ANALYSIS = YES;
				CLANG_WARN_STRICT_PROTOTYPES = YES;
				CLANG_WARN_SUSPICIOUS_MOVE = YES;
				CLANG_WARN_UNGUARDED_AVAILABILITY = YES_AGGRESSIVE;
				CLANG_WARN_UNREACHABLE_CODE = YES;
				CLANG_WARN__DUPLICATE_METHOD_MATCH = YES;
				COPY_PHASE_STRIP = NO;
				DEBUG_INFORMATION_FORMAT = "dwarf-with-dsym";
				ENABLE_NS_ASSERTIONS = NO;
				ENABLE_STRICT_OBJC_MSGSEND = YES;
				GCC_C_LANGUAGE_STANDARD = gnu11;
				GCC_NO_COMMON_BLOCKS = YES;
				GCC_WARN_64_TO_32_BIT_CONVERSION = YES;
				GCC_WARN_ABOUT_RETURN_TYPE = YES_ERROR;
				GCC_WARN_UNDECLARED_SELECTOR = YES;
				GCC_WARN_UNINITIALIZED_AUTOS = YES_AGGRESSIVE;
				GCC_WARN_UNUSED_FUNCTION = YES;
				GCC_WARN_UNUSED_VARIABLE = YES;
				IPHONEOS_DEPLOYMENT_TARGET = 14.0;
				MTL_ENABLE_DEBUG_INFO = NO;
				MTL_FAST_MATH = YES;
				SDKROOT = iphoneos;
				SWIFT_COMPILATION_MODE = wholemodule;
				SWIFT_OPTIMIZATION_LEVEL = "-O";
				VALIDATE_PRODUCT = YES;
			};
			name = Release;
		};
		55D1CA9224A5722500B7D8CF /* Debug */ = {
			isa = XCBuildConfiguration;
			buildSettings = {
				ASSETCATALOG_COMPILER_APPICON_NAME = AppIcon;
				ASSETCATALOG_COMPILER_GLOBAL_ACCENT_COLOR_NAME = AccentColor;
				CODE_SIGN_STYLE = Automatic;
				DEVELOPMENT_ASSET_PATHS = "";
				DEVELOPMENT_TEAM = NG36MJV4JP;
				ENABLE_PREVIEWS = YES;
				INFOPLIST_FILE = SwiftUI_DSL_explained/Info.plist;
				IPHONEOS_DEPLOYMENT_TARGET = 14.0;
				LD_RUNPATH_SEARCH_PATHS = (
					"$(inherited)",
					"@executable_path/Frameworks",
				);
				PRODUCT_BUNDLE_IDENTIFIER = "com.eppz.SwiftUI-DSL";
				PRODUCT_NAME = "$(TARGET_NAME)";
				SWIFT_VERSION = 5.0;
				TARGETED_DEVICE_FAMILY = "1,2";
			};
			name = Debug;
		};
		55D1CA9324A5722500B7D8CF /* Release */ = {
			isa = XCBuildConfiguration;
			buildSettings = {
				ASSETCATALOG_COMPILER_APPICON_NAME = AppIcon;
				ASSETCATALOG_COMPILER_GLOBAL_ACCENT_COLOR_NAME = AccentColor;
				CODE_SIGN_STYLE = Automatic;
				DEVELOPMENT_ASSET_PATHS = "";
				DEVELOPMENT_TEAM = NG36MJV4JP;
				ENABLE_PREVIEWS = YES;
				INFOPLIST_FILE = SwiftUI_DSL_explained/Info.plist;
				IPHONEOS_DEPLOYMENT_TARGET = 14.0;
				LD_RUNPATH_SEARCH_PATHS = (
					"$(inherited)",
					"@executable_path/Frameworks",
				);
				PRODUCT_BUNDLE_IDENTIFIER = "com.eppz.SwiftUI-DSL";
				PRODUCT_NAME = "$(TARGET_NAME)";
				SWIFT_VERSION = 5.0;
				TARGETED_DEVICE_FAMILY = "1,2";
			};
			name = Release;
		};
/* End XCBuildConfiguration section */

/* Begin XCConfigurationList section */
		55D1CA6724A5722300B7D8CF /* Build configuration list for PBXProject "SwiftUI_DSL_explained" */ = {
			isa = XCConfigurationList;
			buildConfigurations = (
				55D1CA8F24A5722500B7D8CF /* Debug */,
				55D1CA9024A5722500B7D8CF /* Release */,
			);
			defaultConfigurationIsVisible = 0;
			defaultConfigurationName = Release;
		};
		55D1CA9124A5722500B7D8CF /* Build configuration list for PBXNativeTarget "SwiftUI_DSL_explained" */ = {
			isa = XCConfigurationList;
			buildConfigurations = (
				55D1CA9224A5722500B7D8CF /* Debug */,
				55D1CA9324A5722500B7D8CF /* Release */,
			);
			defaultConfigurationIsVisible = 0;
			defaultConfigurationName = Release;
		};
/* End XCConfigurationList section */
	};
	rootObject = 55D1CA6424A5722300B7D8CF /* Project object */;
}
